
Microsoft Visual Studio Solution File, Format Version 12.00
# Visual Studio Version 17
VisualStudioVersion = 17.3.32901.215
MinimumVisualStudioVersion = 10.0.40219.1
Project("{FAE04EC0-301F-11D3-BF4B-00C04F79EFBC}") = "EasyGames", "EasyGames\EasyGames.csproj", "{2A77FF61-0955-444B-A628-26DB3260EEA1}"
EndProject
Global
	GlobalSection(SolutionConfigurationPlatforms) = preSolution
		Debug|Any CPU = Debug|Any CPU
		Release|Any CPU = Release|Any CPU
	EndGlobalSection
	GlobalSection(ProjectConfigurationPlatforms) = postSolution
		{2A77FF61-0955-444B-A628-26DB3260EEA1}.Debug|Any CPU.ActiveCfg = Debug|Any CPU
		{2A77FF61-0955-444B-A628-26DB3260EEA1}.Debug|Any CPU.Build.0 = Debug|Any CPU
		{2A77FF61-0955-444B-A628-26DB3260EEA1}.Release|Any CPU.ActiveCfg = Release|Any CPU
		{2A77FF61-0955-444B-A628-26DB3260EEA1}.Release|Any CPU.Build.0 = Release|Any CPU
	EndGlobalSection
	GlobalSection(SolutionProperties) = preSolution
		HideSolutionNode = FALSE
	EndGlobalSection
	GlobalSection(ExtensibilityGlobals) = postSolution
		SolutionGuid = {F89CDE00-33A6-46B6-9DA9-D998D044F0EE}
	EndGlobalSection
EndGlobal
